// !$*UTF8*$!
{
	archiveVersion = 1;
	classes = {
	};
	objectVersion = 46;
	objects = {

/* Begin PBXBuildFile section */
		5092171E1E66B921009C06D8 /* AppDelegate.swift in Sources */ = {isa = PBXBuildFile; fileRef = 5092171D1E66B921009C06D8 /* AppDelegate.swift */; };
		509217201E66B921009C06D8 /* ViewController.swift in Sources */ = {isa = PBXBuildFile; fileRef = 5092171F1E66B921009C06D8 /* ViewController.swift */; };
		509217231E66B921009C06D8 /* Main.storyboard in Resources */ = {isa = PBXBuildFile; fileRef = 509217211E66B921009C06D8 /* Main.storyboard */; };
		509217251E66B921009C06D8 /* Assets.xcassets in Resources */ = {isa = PBXBuildFile; fileRef = 509217241E66B921009C06D8 /* Assets.xcassets */; };
		509217281E66B921009C06D8 /* LaunchScreen.storyboard in Resources */ = {isa = PBXBuildFile; fileRef = 509217261E66B921009C06D8 /* LaunchScreen.storyboard */; };
		509217311E66B9CC009C06D8 /* background.jpg in Resources */ = {isa = PBXBuildFile; fileRef = 509217301E66B9CC009C06D8 /* background.jpg */; };
/* End PBXBuildFile section */

/* Begin PBXFileReference section */
		5092171A1E66B921009C06D8 /* DemoImageView.app */ = {isa = PBXFileReference; explicitFileType = wrapper.application; includeInIndex = 0; path = DemoImageView.app; sourceTree = BUILT_PRODUCTS_DIR; };
		5092171D1E66B921009C06D8 /* AppDelegate.swift */ = {isa = PBXFileReference; lastKnownFileType = sourcecode.swift; path = AppDelegate.swift; sourceTree = "<group>"; };
		5092171F1E66B921009C06D8 /* ViewController.swift */ = {isa = PBXFileReference; lastKnownFileType = sourcecode.swift; path = ViewController.swift; sourceTree = "<group>"; };
		509217221E66B921009C06D8 /* Base */ = {isa = PBXFileReference; lastKnownFileType = file.storyboard; name = Base; path = Base.lproj/Main.storyboard; sourceTree = "<group>"; };
		509217241E66B921009C06D8 /* Assets.xcassets */ = {isa = PBXFileReference; lastKnownFileType = folder.assetcatalog; path = Assets.xcassets; sourceTree = "<group>"; };
		509217271E66B921009C06D8 /* Base */ = {isa = PBXFileReference; lastKnownFileType = file.storyboard; name = Base; path = Base.lproj/LaunchScreen.storyboard; sourceTree = "<group>"; };
		509217291E66B921009C06D8 /* Info.plist */ = {isa = PBXFileReference; lastKnownFileType = text.plist.xml; path = Info.plist; sourceTree = "<group>"; };
		509217301E66B9CC009C06D8 /* background.jpg */ = {isa = PBXFileReference; lastKnownFileType = image.jpeg; path = background.jpg; sourceTree = "<group>"; };
/* End PBXFileReference section */

/* Begin PBXFrameworksBuildPhase section */
		509217171E66B921009C06D8 /* Frameworks */ = {
			isa = PBXFrameworksBuildPhase;
			buildActionMask = 2147483647;
			files = (
			);
			runOnlyForDeploymentPostprocessing = 0;
		};
/* End PBXFrameworksBuildPhase section */

/* Begin PBXGroup section */
		509217111E66B921009C06D8 = {
			isa = PBXGroup;
			children = (
				5092171C1E66B921009C06D8 /* DemoImageView */,
				5092171B1E66B921009C06D8 /* Products */,
			);
			sourceTree = "<group>";
		};
		5092171B1E66B921009C06D8 /* Products */ = {
			isa = PBXGroup;
			children = (
				5092171A1E66B921009C06D8 /* DemoImageView.app */,
			);
			name = Products;
			sourceTree = "<group>";
		};
		5092171C1E66B921009C06D8 /* DemoImageView */ = {
			isa = PBXGroup;
			children = (
				5092172F1E66B9AD009C06D8 /* images */,
				5092171D1E66B921009C06D8 /* AppDelegate.swift */,
				5092171F1E66B921009C06D8 /* ViewController.swift */,
				509217211E66B921009C06D8 /* Main.storyboard */,
				509217241E66B921009C06D8 /* Assets.xcassets */,
				509217261E66B921009C06D8 /* LaunchScreen.storyboard */,
				509217291E66B921009C06D8 /* Info.plist */,
			);
			path = DemoImageView;
			sourceTree = "<group>";
		};
		5092172F1E66B9AD009C06D8 /* images */ = {
			isa = PBXGroup;
			children = (
				509217301E66B9CC009C06D8 /* background.jpg */,
			);
			name = images;
			sourceTree = "<group>";
		};
/* End PBXGroup section */

/* Begin PBXNativeTarget section */
		509217191E66B921009C06D8 /* DemoImageView */ = {
			isa = PBXNativeTarget;
			buildConfigurationList = 5092172C1E66B921009C06D8 /* Build configuration list for PBXNativeTarget "DemoImageView" */;
			buildPhases = (
				509217161E66B921009C06D8 /* Sources */,
				509217171E66B921009C06D8 /* Frameworks */,
				509217181E66B921009C06D8 /* Resources */,
			);
			buildRules = (
			);
			dependencies = (
			);
			name = DemoImageView;
			productName = DemoImageView;
			productReference = 5092171A1E66B921009C06D8 /* DemoImageView.app */;
			productType = "com.apple.product-type.application";
		};
/* End PBXNativeTarget section */

/* Begin PBXProject section */
		509217121E66B921009C06D8 /* Project object */ = {
			isa = PBXProject;
			attributes = {
				LastSwiftUpdateCheck = 0820;
				LastUpgradeCheck = 0820;
				ORGANIZATIONNAME = RMK;
				TargetAttributes = {
					509217191E66B921009C06D8 = {
						CreatedOnToolsVersion = 8.2.1;
						ProvisioningStyle = Automatic;
					};
				};
			};
			buildConfigurationList = 509217151E66B921009C06D8 /* Build configuration list for PBXProject "DemoImageView" */;
			compatibilityVersion = "Xcode 3.2";
			developmentRegion = English;
			hasScannedForEncodings = 0;
			knownRegions = (
				en,
				Base,
			);
			mainGroup = 509217111E66B921009C06D8;
			productRefGroup = 5092171B1E66B921009C06D8 /* Products */;
			projectDirPath = "";
			projectRoot = "";
			targets = (
				509217191E66B921009C06D8 /* DemoImageView */,
			);
		};
/* End PBXProject section */

/* Begin PBXResourcesBuildPhase section */
		509217181E66B921009C06D8 /* Resources */ = {
			isa = PBXResourcesBuildPhase;
			buildActionMask = 2147483647;
			files = (
				509217281E66B921009C06D8 /* LaunchScreen.storyboard in Resources */,
				509217311E66B9CC009C06D8 /* background.jpg in Resources */,
				509217251E66B921009C06D8 /* Assets.xcassets in Resources */,
				509217231E66B921009C06D8 /* Main.storyboard in Resources */,
			);
			runOnlyForDeploymentPostprocessing = 0;
		};
/* End PBXResourcesBuildPhase section */

/* Begin PBXSourcesBuildPhase section */
		509217161E66B921009C06D8 /* Sources */ = {
			isa = PBXSourcesBuildPhase;
			buildActionMask = 2147483647;
			files = (
				509217201E66B921009C06D8 /* ViewController.swift in Sources */,
				5092171E1E66B921009C06D8 /* AppDelegate.swift in Sources */,
			);
			runOnlyForDeploymentPostprocessing = 0;
		};
/* End PBXSourcesBuildPhase section */

/* Begin PBXVariantGroup section */
		509217211E66B921009C06D8 /* Main.storyboard */ = {
			isa = PBXVariantGroup;
			children = (
				509217221E66B921009C06D8 /* Base */,
			);
			name = Main.storyboard;
			sourceTree = "<group>";
		};
		509217261E66B921009C06D8 /* LaunchScreen.storyboard */ = {
			isa = PBXVariantGroup;
			children = (
				509217271E66B921009C06D8 /* Base */,
			);
			name = LaunchScreen.storyboard;
			sourceTree = "<group>";
		};
/* End PBXVariantGroup section */

/* Begin XCBuildConfiguration section */
		5092172A1E66B921009C06D8 /* Debug */ = {
			isa = XCBuildConfiguration;
			buildSettings = {
				ALWAYS_SEARCH_USER_PATHS = NO;
				CLANG_ANALYZER_NONNULL = YES;
				CLANG_CXX_LANGUAGE_STANDARD = "gnu++0x";
				CLANG_CXX_LIBRARY = "libc++";
				CLANG_ENABLE_MODULES = YES;
				CLANG_ENABLE_OBJC_ARC = YES;
				CLANG_WARN_BOOL_CONVERSION = YES;
				CLANG_WARN_CONSTANT_CONVERSION = YES;
				CLANG_WARN_DIRECT_OBJC_ISA_USAGE = YES_ERROR;
				CLANG_WARN_DOCUMENTATION_COMMENTS = YES;
				CLANG_WARN_EMPTY_BODY = YES;
				CLANG_WARN_ENUM_CONVERSION = YES;
				CLANG_WARN_INFINITE_RECURSION = YES;
				CLANG_WARN_INT_CONVERSION = YES;
				CLANG_WARN_OBJC_ROOT_CLASS = YES_ERROR;
				CLANG_WARN_SUSPICIOUS_MOVE = YES;
				CLANG_WARN_UNREACHABLE_CODE = YES;
				CLANG_WARN__DUPLICATE_METHOD_MATCH = YES;
				"CODE_SIGN_IDENTITY[sdk=iphoneos*]" = "iPhone Developer";
				COPY_PHASE_STRIP = NO;
				DEBUG_INFORMATION_FORMAT = dwarf;
				ENABLE_STRICT_OBJC_MSGSEND = YES;
				ENABLE_TESTABILITY = YES;
				GCC_C_LANGUAGE_STANDARD = gnu99;
				GCC_DYNAMIC_NO_PIC = NO;
				GCC_NO_COMMON_BLOCKS = YES;
				GCC_OPTIMIZATION_LEVEL = 0;
				GCC_PREPROCESSOR_DEFINITIONS = (
					"DEBUG=1",
					"$(inherited)",
				);
				GCC_WARN_64_TO_32_BIT_CONVERSION = YES;
				GCC_WARN_ABOUT_RETURN_TYPE = YES_ERROR;
				GCC_WARN_UNDECLARED_SELECTOR = YES;
				GCC_WARN_UNINITIALIZED_AUTOS = YES_AGGRESSIVE;
				GCC_WARN_UNUSED_FUNCTION = YES;
				GCC_WARN_UNUSED_VARIABLE = YES;
				IPHONEOS_DEPLOYMENT_TARGET = 10.2;
				MTL_ENABLE_DEBUG_INFO = YES;
				ONLY_ACTIVE_ARCH = YES;
				SDKROOT = iphoneos;
				SWIFT_ACTIVE_COMPILATION_CONDITIONS = DEBUG;
				SWIFT_OPTIMIZATION_LEVEL = "-Onone";
			};
			name = Debug;
		};
		5092172B1E66B921009C06D8 /* Release */ = {
			isa = XCBuildConfiguration;
			buildSettings = {
				ALWAYS_SEARCH_USER_PATHS = NO;
				CLANG_ANALYZER_NONNULL = YES;
				CLANG_CXX_LANGUAGE_STANDARD = "gnu++0x";
				CLANG_CXX_LIBRARY = "libc++";
				CLANG_ENABLE_MODULES = YES;
				CLANG_ENABLE_OBJC_ARC = YES;
				CLANG_WARN_BOOL_CONVERSION = YES;
				CLANG_WARN_CONSTANT_CONVERSION = YES;
				CLANG_WARN_DIRECT_OBJC_ISA_USAGE = YES_ERROR;
				CLANG_WARN_DOCUMENTATION_COMMENTS = YES;
				CLANG_WARN_EMPTY_BODY = YES;
				CLANG_WARN_ENUM_CONVERSION = YES;
				CLANG_WARN_INFINITE_RECURSION = YES;
				CLANG_WARN_INT_CONVERSION = YES;
				CLANG_WARN_OBJC_ROOT_CLASS = YES_ERROR;
				CLANG_WARN_SUSPICIOUS_MOVE = YES;
				CLANG_WARN_UNREACHABLE_CODE = YES;
				CLANG_WARN__DUPLICATE_METHOD_MATCH = YES;
				"CODE_SIGN_IDENTITY[sdk=iphoneos*]" = "iPhone Developer";
				COPY_PHASE_STRIP = NO;
				DEBUG_INFORMATION_FORMAT = "dwarf-with-dsym";
				ENABLE_NS_ASSERTIONS = NO;
				ENABLE_STRICT_OBJC_MSGSEND = YES;
				GCC_C_LANGUAGE_STANDARD = gnu99;
				GCC_NO_COMMON_BLOCKS = YES;
				GCC_WARN_64_TO_32_BIT_CONVERSION = YES;
				GCC_WARN_ABOUT_RETURN_TYPE = YES_ERROR;
				GCC_WARN_UNDECLARED_SELECTOR = YES;
				GCC_WARN_UNINITIALIZED_AUTOS = YES_AGGRESSIVE;
				GCC_WARN_UNUSED_FUNCTION = YES;
				GCC_WARN_UNUSED_VARIABLE = YES;
				IPHONEOS_DEPLOYMENT_TARGET = 10.2;
				MTL_ENABLE_DEBUG_INFO = NO;
				SDKROOT = iphoneos;
				SWIFT_OPTIMIZATION_LEVEL = "-Owholemodule";
				VALIDATE_PRODUCT = YES;
			};
			name = Release;
		};
		5092172D1E66B921009C06D8 /* Debug */ = {
			isa = XCBuildConfiguration;
			buildSettings = {
				ASSETCATALOG_COMPILER_APPICON_NAME = AppIcon;
				INFOPLIST_FILE = DemoImageView/Info.plist;
				LD_RUNPATH_SEARCH_PATHS = "$(inherited) @executable_path/Frameworks";
				PRODUCT_BUNDLE_IDENTIFIER = com.rmk.DemoImageView;
				PRODUCT_NAME = "$(TARGET_NAME)";
				SWIFT_VERSION = 3.0;
			};
			name = Debug;
		};
		5092172E1E66B921009C06D8 /* Release */ = {
			isa = XCBuildConfiguration;
			buildSettings = {
				ASSETCATALOG_COMPILER_APPICON_NAME = AppIcon;
				INFOPLIST_FILE = DemoImageView/Info.plist;
				LD_RUNPATH_SEARCH_PATHS = "$(inherited) @executable_path/Frameworks";
				PRODUCT_BUNDLE_IDENTIFIER = com.rmk.DemoImageView;
				PRODUCT_NAME = "$(TARGET_NAME)";
				SWIFT_VERSION = 3.0;
			};
			name = Release;
		};
/* End XCBuildConfiguration section */

/* Begin XCConfigurationList section */
		509217151E66B921009C06D8 /* Build configuration list for PBXProject "DemoImageView" */ = {
			isa = XCConfigurationList;
			buildConfigurations = (
				5092172A1E66B921009C06D8 /* Debug */,
				5092172B1E66B921009C06D8 /* Release */,
			);
			defaultConfigurationIsVisible = 0;
			defaultConfigurationName = Release;
		};
		5092172C1E66B921009C06D8 /* Build configuration list for PBXNativeTarget "DemoImageView" */ = {
			isa = XCConfigurationList;
			buildConfigurations = (
				5092172D1E66B921009C06D8 /* Debug */,
				5092172E1E66B921009C06D8 /* Release */,
			);
			defaultConfigurationIsVisible = 0;
		};
/* End XCConfigurationList section */
	};
	rootObject = 509217121E66B921009C06D8 /* Project object */;
}
