// !$*UTF8*$!
{
	archiveVersion = 1;
	classes = {
	};
	objectVersion = 46;
	objects = {

/* Begin PBXBuildFile section */
		50FC9CE11E67EBE200F2317C /* AppDelegate.swift in Sources */ = {isa = PBXBuildFile; fileRef = 50FC9CE01E67EBE200F2317C /* AppDelegate.swift */; };
		50FC9CE61E67EBE200F2317C /* Main.storyboard in Resources */ = {isa = PBXBuildFile; fileRef = 50FC9CE41E67EBE200F2317C /* Main.storyboard */; };
		50FC9CE81E67EBE200F2317C /* Assets.xcassets in Resources */ = {isa = PBXBuildFile; fileRef = 50FC9CE71E67EBE200F2317C /* Assets.xcassets */; };
		50FC9CEB1E67EBE200F2317C /* LaunchScreen.storyboard in Resources */ = {isa = PBXBuildFile; fileRef = 50FC9CE91E67EBE200F2317C /* LaunchScreen.storyboard */; };
		50FC9CF31E67ECC400F2317C /* TableViewController.swift in Sources */ = {isa = PBXBuildFile; fileRef = 50FC9CF21E67ECC400F2317C /* TableViewController.swift */; };
		50FC9CF51E67F76400F2317C /* apple.jpg in Resources */ = {isa = PBXBuildFile; fileRef = 50FC9CF41E67F76400F2317C /* apple.jpg */; };
/* End PBXBuildFile section */

/* Begin PBXFileReference section */
		50FC9CDD1E67EBE200F2317C /* DemoTableview.app */ = {isa = PBXFileReference; explicitFileType = wrapper.application; includeInIndex = 0; path = DemoTableview.app; sourceTree = BUILT_PRODUCTS_DIR; };
		50FC9CE01E67EBE200F2317C /* AppDelegate.swift */ = {isa = PBXFileReference; lastKnownFileType = sourcecode.swift; path = AppDelegate.swift; sourceTree = "<group>"; };
		50FC9CE51E67EBE200F2317C /* Base */ = {isa = PBXFileReference; lastKnownFileType = file.storyboard; name = Base; path = Base.lproj/Main.storyboard; sourceTree = "<group>"; };
		50FC9CE71E67EBE200F2317C /* Assets.xcassets */ = {isa = PBXFileReference; lastKnownFileType = folder.assetcatalog; path = Assets.xcassets; sourceTree = "<group>"; };
		50FC9CEA1E67EBE200F2317C /* Base */ = {isa = PBXFileReference; lastKnownFileType = file.storyboard; name = Base; path = Base.lproj/LaunchScreen.storyboard; sourceTree = "<group>"; };
		50FC9CEC1E67EBE200F2317C /* Info.plist */ = {isa = PBXFileReference; lastKnownFileType = text.plist.xml; path = Info.plist; sourceTree = "<group>"; };
		50FC9CF21E67ECC400F2317C /* TableViewController.swift */ = {isa = PBXFileReference; fileEncoding = 4; lastKnownFileType = sourcecode.swift; name = TableViewController.swift; path = ../TableViewController.swift; sourceTree = "<group>"; };
		50FC9CF41E67F76400F2317C /* apple.jpg */ = {isa = PBXFileReference; lastKnownFileType = image.jpeg; path = apple.jpg; sourceTree = "<group>"; };
/* End PBXFileReference section */

/* Begin PBXFrameworksBuildPhase section */
		50FC9CDA1E67EBE200F2317C /* Frameworks */ = {
			isa = PBXFrameworksBuildPhase;
			buildActionMask = 2147483647;
			files = (
			);
			runOnlyForDeploymentPostprocessing = 0;
		};
/* End PBXFrameworksBuildPhase section */

/* Begin PBXGroup section */
		50FC9CD41E67EBE200F2317C = {
			isa = PBXGroup;
			children = (
				50FC9CDF1E67EBE200F2317C /* DemoTableview */,
				50FC9CDE1E67EBE200F2317C /* Products */,
			);
			sourceTree = "<group>";
		};
		50FC9CDE1E67EBE200F2317C /* Products */ = {
			isa = PBXGroup;
			children = (
				50FC9CDD1E67EBE200F2317C /* DemoTableview.app */,
			);
			name = Products;
			sourceTree = "<group>";
		};
		50FC9CDF1E67EBE200F2317C /* DemoTableview */ = {
			isa = PBXGroup;
			children = (
				50FC9CF41E67F76400F2317C /* apple.jpg */,
				50FC9CE01E67EBE200F2317C /* AppDelegate.swift */,
				50FC9CF21E67ECC400F2317C /* TableViewController.swift */,
				50FC9CE41E67EBE200F2317C /* Main.storyboard */,
				50FC9CE71E67EBE200F2317C /* Assets.xcassets */,
				50FC9CE91E67EBE200F2317C /* LaunchScreen.storyboard */,
				50FC9CEC1E67EBE200F2317C /* Info.plist */,
			);
			path = DemoTableview;
			sourceTree = "<group>";
		};
/* End PBXGroup section */

/* Begin PBXNativeTarget section */
		50FC9CDC1E67EBE200F2317C /* DemoTableview */ = {
			isa = PBXNativeTarget;
			buildConfigurationList = 50FC9CEF1E67EBE200F2317C /* Build configuration list for PBXNativeTarget "DemoTableview" */;
			buildPhases = (
				50FC9CD91E67EBE200F2317C /* Sources */,
				50FC9CDA1E67EBE200F2317C /* Frameworks */,
				50FC9CDB1E67EBE200F2317C /* Resources */,
			);
			buildRules = (
			);
			dependencies = (
			);
			name = DemoTableview;
			productName = DemoTableview;
			productReference = 50FC9CDD1E67EBE200F2317C /* DemoTableview.app */;
			productType = "com.apple.product-type.application";
		};
/* End PBXNativeTarget section */

/* Begin PBXProject section */
		50FC9CD51E67EBE200F2317C /* Project object */ = {
			isa = PBXProject;
			attributes = {
				LastSwiftUpdateCheck = 0820;
				LastUpgradeCheck = 0820;
				ORGANIZATIONNAME = RMK;
				TargetAttributes = {
					50FC9CDC1E67EBE200F2317C = {
						CreatedOnToolsVersion = 8.2.1;
						ProvisioningStyle = Automatic;
					};
				};
			};
			buildConfigurationList = 50FC9CD81E67EBE200F2317C /* Build configuration list for PBXProject "DemoTableview" */;
			compatibilityVersion = "Xcode 3.2";
			developmentRegion = English;
			hasScannedForEncodings = 0;
			knownRegions = (
				en,
				Base,
			);
			mainGroup = 50FC9CD41E67EBE200F2317C;
			productRefGroup = 50FC9CDE1E67EBE200F2317C /* Products */;
			projectDirPath = "";
			projectRoot = "";
			targets = (
				50FC9CDC1E67EBE200F2317C /* DemoTableview */,
			);
		};
/* End PBXProject section */

/* Begin PBXResourcesBuildPhase section */
		50FC9CDB1E67EBE200F2317C /* Resources */ = {
			isa = PBXResourcesBuildPhase;
			buildActionMask = 2147483647;
			files = (
				50FC9CEB1E67EBE200F2317C /* LaunchScreen.storyboard in Resources */,
				50FC9CE81E67EBE200F2317C /* Assets.xcassets in Resources */,
				50FC9CF51E67F76400F2317C /* apple.jpg in Resources */,
				50FC9CE61E67EBE200F2317C /* Main.storyboard in Resources */,
			);
			runOnlyForDeploymentPostprocessing = 0;
		};
/* End PBXResourcesBuildPhase section */

/* Begin PBXSourcesBuildPhase section */
		50FC9CD91E67EBE200F2317C /* Sources */ = {
			isa = PBXSourcesBuildPhase;
			buildActionMask = 2147483647;
			files = (
				50FC9CE11E67EBE200F2317C /* AppDelegate.swift in Sources */,
				50FC9CF31E67ECC400F2317C /* TableViewController.swift in Sources */,
			);
			runOnlyForDeploymentPostprocessing = 0;
		};
/* End PBXSourcesBuildPhase section */

/* Begin PBXVariantGroup section */
		50FC9CE41E67EBE200F2317C /* Main.storyboard */ = {
			isa = PBXVariantGroup;
			children = (
				50FC9CE51E67EBE200F2317C /* Base */,
			);
			name = Main.storyboard;
			sourceTree = "<group>";
		};
		50FC9CE91E67EBE200F2317C /* LaunchScreen.storyboard */ = {
			isa = PBXVariantGroup;
			children = (
				50FC9CEA1E67EBE200F2317C /* Base */,
			);
			name = LaunchScreen.storyboard;
			sourceTree = "<group>";
		};
/* End PBXVariantGroup section */

/* Begin XCBuildConfiguration section */
		50FC9CED1E67EBE200F2317C /* Debug */ = {
			isa = XCBuildConfiguration;
			buildSettings = {
				ALWAYS_SEARCH_USER_PATHS = NO;
				CLANG_ANALYZER_NONNULL = YES;
				CLANG_CXX_LANGUAGE_STANDARD = "gnu++0x";
				CLANG_CXX_LIBRARY = "libc++";
				CLANG_ENABLE_MODULES = YES;
				CLANG_ENABLE_OBJC_ARC = YES;
				CLANG_WARN_BOOL_CONVERSION = YES;
				CLANG_WARN_CONSTANT_CONVERSION = YES;
				CLANG_WARN_DIRECT_OBJC_ISA_USAGE = YES_ERROR;
				CLANG_WARN_DOCUMENTATION_COMMENTS = YES;
				CLANG_WARN_EMPTY_BODY = YES;
				CLANG_WARN_ENUM_CONVERSION = YES;
				CLANG_WARN_INFINITE_RECURSION = YES;
				CLANG_WARN_INT_CONVERSION = YES;
				CLANG_WARN_OBJC_ROOT_CLASS = YES_ERROR;
				CLANG_WARN_SUSPICIOUS_MOVE = YES;
				CLANG_WARN_UNREACHABLE_CODE = YES;
				CLANG_WARN__DUPLICATE_METHOD_MATCH = YES;
				"CODE_SIGN_IDENTITY[sdk=iphoneos*]" = "iPhone Developer";
				COPY_PHASE_STRIP = NO;
				DEBUG_INFORMATION_FORMAT = dwarf;
				ENABLE_STRICT_OBJC_MSGSEND = YES;
				ENABLE_TESTABILITY = YES;
				GCC_C_LANGUAGE_STANDARD = gnu99;
				GCC_DYNAMIC_NO_PIC = NO;
				GCC_NO_COMMON_BLOCKS = YES;
				GCC_OPTIMIZATION_LEVEL = 0;
				GCC_PREPROCESSOR_DEFINITIONS = (
					"DEBUG=1",
					"$(inherited)",
				);
				GCC_WARN_64_TO_32_BIT_CONVERSION = YES;
				GCC_WARN_ABOUT_RETURN_TYPE = YES_ERROR;
				GCC_WARN_UNDECLARED_SELECTOR = YES;
				GCC_WARN_UNINITIALIZED_AUTOS = YES_AGGRESSIVE;
				GCC_WARN_UNUSED_FUNCTION = YES;
				GCC_WARN_UNUSED_VARIABLE = YES;
				IPHONEOS_DEPLOYMENT_TARGET = 10.2;
				MTL_ENABLE_DEBUG_INFO = YES;
				ONLY_ACTIVE_ARCH = YES;
				SDKROOT = iphoneos;
				SWIFT_ACTIVE_COMPILATION_CONDITIONS = DEBUG;
				SWIFT_OPTIMIZATION_LEVEL = "-Onone";
			};
			name = Debug;
		};
		50FC9CEE1E67EBE200F2317C /* Release */ = {
			isa = XCBuildConfiguration;
			buildSettings = {
				ALWAYS_SEARCH_USER_PATHS = NO;
				CLANG_ANALYZER_NONNULL = YES;
				CLANG_CXX_LANGUAGE_STANDARD = "gnu++0x";
				CLANG_CXX_LIBRARY = "libc++";
				CLANG_ENABLE_MODULES = YES;
				CLANG_ENABLE_OBJC_ARC = YES;
				CLANG_WARN_BOOL_CONVERSION = YES;
				CLANG_WARN_CONSTANT_CONVERSION = YES;
				CLANG_WARN_DIRECT_OBJC_ISA_USAGE = YES_ERROR;
				CLANG_WARN_DOCUMENTATION_COMMENTS = YES;
				CLANG_WARN_EMPTY_BODY = YES;
				CLANG_WARN_ENUM_CONVERSION = YES;
				CLANG_WARN_INFINITE_RECURSION = YES;
				CLANG_WARN_INT_CONVERSION = YES;
				CLANG_WARN_OBJC_ROOT_CLASS = YES_ERROR;
				CLANG_WARN_SUSPICIOUS_MOVE = YES;
				CLANG_WARN_UNREACHABLE_CODE = YES;
				CLANG_WARN__DUPLICATE_METHOD_MATCH = YES;
				"CODE_SIGN_IDENTITY[sdk=iphoneos*]" = "iPhone Developer";
				COPY_PHASE_STRIP = NO;
				DEBUG_INFORMATION_FORMAT = "dwarf-with-dsym";
				ENABLE_NS_ASSERTIONS = NO;
				ENABLE_STRICT_OBJC_MSGSEND = YES;
				GCC_C_LANGUAGE_STANDARD = gnu99;
				GCC_NO_COMMON_BLOCKS = YES;
				GCC_WARN_64_TO_32_BIT_CONVERSION = YES;
				GCC_WARN_ABOUT_RETURN_TYPE = YES_ERROR;
				GCC_WARN_UNDECLARED_SELECTOR = YES;
				GCC_WARN_UNINITIALIZED_AUTOS = YES_AGGRESSIVE;
				GCC_WARN_UNUSED_FUNCTION = YES;
				GCC_WARN_UNUSED_VARIABLE = YES;
				IPHONEOS_DEPLOYMENT_TARGET = 10.2;
				MTL_ENABLE_DEBUG_INFO = NO;
				SDKROOT = iphoneos;
				SWIFT_OPTIMIZATION_LEVEL = "-Owholemodule";
				VALIDATE_PRODUCT = YES;
			};
			name = Release;
		};
		50FC9CF01E67EBE200F2317C /* Debug */ = {
			isa = XCBuildConfiguration;
			buildSettings = {
				ASSETCATALOG_COMPILER_APPICON_NAME = AppIcon;
				INFOPLIST_FILE = DemoTableview/Info.plist;
				LD_RUNPATH_SEARCH_PATHS = "$(inherited) @executable_path/Frameworks";
				PRODUCT_BUNDLE_IDENTIFIER = com.rmk.DemoTableview;
				PRODUCT_NAME = "$(TARGET_NAME)";
				SWIFT_VERSION = 3.0;
			};
			name = Debug;
		};
		50FC9CF11E67EBE200F2317C /* Release */ = {
			isa = XCBuildConfiguration;
			buildSettings = {
				ASSETCATALOG_COMPILER_APPICON_NAME = AppIcon;
				INFOPLIST_FILE = DemoTableview/Info.plist;
				LD_RUNPATH_SEARCH_PATHS = "$(inherited) @executable_path/Frameworks";
				PRODUCT_BUNDLE_IDENTIFIER = com.rmk.DemoTableview;
				PRODUCT_NAME = "$(TARGET_NAME)";
				SWIFT_VERSION = 3.0;
			};
			name = Release;
		};
/* End XCBuildConfiguration section */

/* Begin XCConfigurationList section */
		50FC9CD81E67EBE200F2317C /* Build configuration list for PBXProject "DemoTableview" */ = {
			isa = XCConfigurationList;
			buildConfigurations = (
				50FC9CED1E67EBE200F2317C /* Debug */,
				50FC9CEE1E67EBE200F2317C /* Release */,
			);
			defaultConfigurationIsVisible = 0;
			defaultConfigurationName = Release;
		};
		50FC9CEF1E67EBE200F2317C /* Build configuration list for PBXNativeTarget "DemoTableview" */ = {
			isa = XCConfigurationList;
			buildConfigurations = (
				50FC9CF01E67EBE200F2317C /* Debug */,
				50FC9CF11E67EBE200F2317C /* Release */,
			);
			defaultConfigurationIsVisible = 0;
		};
/* End XCConfigurationList section */
	};
	rootObject = 50FC9CD51E67EBE200F2317C /* Project object */;
}
